// !$*UTF8*$!
{
	archiveVersion = 1;
	classes = {
	};
	objectVersion = 51;
	objects = {

/* Begin PBXBuildFile section */
		27664B7564A7E22DE332B24B /* Pods_CountThings.framework in Frameworks */ = {isa = PBXBuildFile; fileRef = C902BCB04674C56E45CC73F9 /* Pods_CountThings.framework */; };
		689B82B0EE8BC445048DCE9B /* Pods_CountThingsTests.framework in Frameworks */ = {isa = PBXBuildFile; fileRef = CD04F438DA4ABB00B6A748F4 /* Pods_CountThingsTests.framework */; };
		EF5CE0C985D10DFFB1EA8979 /* Pods_CountThingsUITests.framework in Frameworks */ = {isa = PBXBuildFile; fileRef = BE99A70ADD84204FCE0A0BED /* Pods_CountThingsUITests.framework */; };
		FE00B756234D74E1007A55D1 /* Assets.xcassets in Resources */ = {isa = PBXBuildFile; fileRef = FE00B755234D74E1007A55D1 /* Assets.xcassets */; };
		FE00B759234D74E1007A55D1 /* Preview Assets.xcassets in Resources */ = {isa = PBXBuildFile; fileRef = FE00B758234D74E1007A55D1 /* Preview Assets.xcassets */; };
		FE00B75C234D74E1007A55D1 /* LaunchScreen.storyboard in Resources */ = {isa = PBXBuildFile; fileRef = FE00B75A234D74E1007A55D1 /* LaunchScreen.storyboard */; };
		FE00B767234D74E1007A55D1 /* CountThingsTests.swift in Sources */ = {isa = PBXBuildFile; fileRef = FE00B766234D74E1007A55D1 /* CountThingsTests.swift */; };
		FE00B772234D74E1007A55D1 /* CountThingsUITests.swift in Sources */ = {isa = PBXBuildFile; fileRef = FE00B771234D74E1007A55D1 /* CountThingsUITests.swift */; };
		FE00B785234D7672007A55D1 /* Extensions.swift in Sources */ = {isa = PBXBuildFile; fileRef = FE00B784234D7672007A55D1 /* Extensions.swift */; };
		FE00B787234D778C007A55D1 /* Constants.swift in Sources */ = {isa = PBXBuildFile; fileRef = FE00B786234D778C007A55D1 /* Constants.swift */; };
		FE00B798234D7AAF007A55D1 /* Main.storyboard in Resources */ = {isa = PBXBuildFile; fileRef = FE00B797234D7AAF007A55D1 /* Main.storyboard */; };
		FE00B7A0234D7EFF007A55D1 /* AppDelegate.swift in Sources */ = {isa = PBXBuildFile; fileRef = FE00B79F234D7EFF007A55D1 /* AppDelegate.swift */; };
		FE00B7AA234D846C007A55D1 /* MainTablePresenter.swift in Sources */ = {isa = PBXBuildFile; fileRef = FE00B7A4234D846C007A55D1 /* MainTablePresenter.swift */; };
		FE00B7AB234D846C007A55D1 /* MainTableViewController.swift in Sources */ = {isa = PBXBuildFile; fileRef = FE00B7A5234D846C007A55D1 /* MainTableViewController.swift */; };
		FE00B7AC234D846C007A55D1 /* MainTableRouter.swift in Sources */ = {isa = PBXBuildFile; fileRef = FE00B7A6234D846C007A55D1 /* MainTableRouter.swift */; };
		FE00B7AD234D846C007A55D1 /* MainTableWorker.swift in Sources */ = {isa = PBXBuildFile; fileRef = FE00B7A7234D846C007A55D1 /* MainTableWorker.swift */; };
		FE00B7AE234D846C007A55D1 /* MainTableModels.swift in Sources */ = {isa = PBXBuildFile; fileRef = FE00B7A8234D846C007A55D1 /* MainTableModels.swift */; };
		FE00B7AF234D846C007A55D1 /* MainTableInteractor.swift in Sources */ = {isa = PBXBuildFile; fileRef = FE00B7A9234D846C007A55D1 /* MainTableInteractor.swift */; };
		FE00B7B2234D8488007A55D1 /* BaseTableViewController.swift in Sources */ = {isa = PBXBuildFile; fileRef = FE00B7B1234D8488007A55D1 /* BaseTableViewController.swift */; };
		FE00B7B4234D84BE007A55D1 /* Product.swift in Sources */ = {isa = PBXBuildFile; fileRef = FE00B7B3234D84BE007A55D1 /* Product.swift */; };
		FE00B7B6234D86EC007A55D1 /* TableCell.xib in Resources */ = {isa = PBXBuildFile; fileRef = FE00B7B5234D86EC007A55D1 /* TableCell.xib */; };
		FE00B7B9234D8780007A55D1 /* ResultsTableController.swift in Sources */ = {isa = PBXBuildFile; fileRef = FE00B7B8234D8780007A55D1 /* ResultsTableController.swift */; };
		FE00B7C3234D8B9C007A55D1 /* ProductCell.swift in Sources */ = {isa = PBXBuildFile; fileRef = FE00B7C2234D8B9C007A55D1 /* ProductCell.swift */; };
		FE00B7D7234D8FF8007A55D1 /* DetailViewController.swift in Sources */ = {isa = PBXBuildFile; fileRef = FE00B7D1234D8FF8007A55D1 /* DetailViewController.swift */; };
		FE00B7D8234D8FF8007A55D1 /* DetailPresenter.swift in Sources */ = {isa = PBXBuildFile; fileRef = FE00B7D2234D8FF8007A55D1 /* DetailPresenter.swift */; };
		FE00B7D9234D8FF8007A55D1 /* DetailInteractor.swift in Sources */ = {isa = PBXBuildFile; fileRef = FE00B7D3234D8FF8007A55D1 /* DetailInteractor.swift */; };
		FE00B7DA234D8FF8007A55D1 /* DetailWorker.swift in Sources */ = {isa = PBXBuildFile; fileRef = FE00B7D4234D8FF8007A55D1 /* DetailWorker.swift */; };
		FE00B7DB234D8FF8007A55D1 /* DetailRouter.swift in Sources */ = {isa = PBXBuildFile; fileRef = FE00B7D5234D8FF8007A55D1 /* DetailRouter.swift */; };
		FE00B7DC234D8FF8007A55D1 /* DetailModels.swift in Sources */ = {isa = PBXBuildFile; fileRef = FE00B7D6234D8FF8007A55D1 /* DetailModels.swift */; };
		FE00B7DF234D91A0007A55D1 /* Detail.storyboard in Resources */ = {isa = PBXBuildFile; fileRef = FE00B7DE234D91A0007A55D1 /* Detail.storyboard */; };
		FEDA7AF4234ED503003B3B7C /* Utils.swift in Sources */ = {isa = PBXBuildFile; fileRef = FEDA7AF3234ED502003B3B7C /* Utils.swift */; };
		FEDA7AF9234EDDC8003B3B7C /* APIRouter.swift in Sources */ = {isa = PBXBuildFile; fileRef = FEDA7AF8234EDDC8003B3B7C /* APIRouter.swift */; };
		FEDA7AFB234EDE89003B3B7C /* CountersWorker.swift in Sources */ = {isa = PBXBuildFile; fileRef = FEDA7AFA234EDE89003B3B7C /* CountersWorker.swift */; };
		FEDA7AFD234EDED5003B3B7C /* ConnectivityWorker.swift in Sources */ = {isa = PBXBuildFile; fileRef = FEDA7AFC234EDED5003B3B7C /* ConnectivityWorker.swift */; };
/* End PBXBuildFile section */

/* Begin PBXContainerItemProxy section */
		FE00B763234D74E1007A55D1 /* PBXContainerItemProxy */ = {
			isa = PBXContainerItemProxy;
			containerPortal = FE00B744234D74E0007A55D1 /* Project object */;
			proxyType = 1;
			remoteGlobalIDString = FE00B74B234D74E0007A55D1;
			remoteInfo = CountThings;
		};
		FE00B76E234D74E1007A55D1 /* PBXContainerItemProxy */ = {
			isa = PBXContainerItemProxy;
			containerPortal = FE00B744234D74E0007A55D1 /* Project object */;
			proxyType = 1;
			remoteGlobalIDString = FE00B74B234D74E0007A55D1;
			remoteInfo = CountThings;
		};
/* End PBXContainerItemProxy section */

/* Begin PBXFileReference section */
		00CF4C6A56C2945EE4F79DE3 /* Pods-CountThings.release.xcconfig */ = {isa = PBXFileReference; includeInIndex = 1; lastKnownFileType = text.xcconfig; name = "Pods-CountThings.release.xcconfig"; path = "Target Support Files/Pods-CountThings/Pods-CountThings.release.xcconfig"; sourceTree = "<group>"; };
		0B50056DE3457EC1FFF37EDF /* Pods-CountThingsTests.debug.xcconfig */ = {isa = PBXFileReference; includeInIndex = 1; lastKnownFileType = text.xcconfig; name = "Pods-CountThingsTests.debug.xcconfig"; path = "Target Support Files/Pods-CountThingsTests/Pods-CountThingsTests.debug.xcconfig"; sourceTree = "<group>"; };
		4AFF25B6F32D2E948B217D94 /* Pods-CountThingsTests.release.xcconfig */ = {isa = PBXFileReference; includeInIndex = 1; lastKnownFileType = text.xcconfig; name = "Pods-CountThingsTests.release.xcconfig"; path = "Target Support Files/Pods-CountThingsTests/Pods-CountThingsTests.release.xcconfig"; sourceTree = "<group>"; };
		8E91AA7299F9F694AA0F9B6B /* Pods-CountThingsUITests.debug.xcconfig */ = {isa = PBXFileReference; includeInIndex = 1; lastKnownFileType = text.xcconfig; name = "Pods-CountThingsUITests.debug.xcconfig"; path = "Target Support Files/Pods-CountThingsUITests/Pods-CountThingsUITests.debug.xcconfig"; sourceTree = "<group>"; };
		AA138EC2483029352F4BC1B2 /* Pods-CountThingsUITests.release.xcconfig */ = {isa = PBXFileReference; includeInIndex = 1; lastKnownFileType = text.xcconfig; name = "Pods-CountThingsUITests.release.xcconfig"; path = "Target Support Files/Pods-CountThingsUITests/Pods-CountThingsUITests.release.xcconfig"; sourceTree = "<group>"; };
		BE99A70ADD84204FCE0A0BED /* Pods_CountThingsUITests.framework */ = {isa = PBXFileReference; explicitFileType = wrapper.framework; includeInIndex = 0; path = Pods_CountThingsUITests.framework; sourceTree = BUILT_PRODUCTS_DIR; };
		C902BCB04674C56E45CC73F9 /* Pods_CountThings.framework */ = {isa = PBXFileReference; explicitFileType = wrapper.framework; includeInIndex = 0; path = Pods_CountThings.framework; sourceTree = BUILT_PRODUCTS_DIR; };
		CD04F438DA4ABB00B6A748F4 /* Pods_CountThingsTests.framework */ = {isa = PBXFileReference; explicitFileType = wrapper.framework; includeInIndex = 0; path = Pods_CountThingsTests.framework; sourceTree = BUILT_PRODUCTS_DIR; };
		CF921C09FEF812AEE5833E72 /* Pods-CountThings.debug.xcconfig */ = {isa = PBXFileReference; includeInIndex = 1; lastKnownFileType = text.xcconfig; name = "Pods-CountThings.debug.xcconfig"; path = "Target Support Files/Pods-CountThings/Pods-CountThings.debug.xcconfig"; sourceTree = "<group>"; };
		FE00B74C234D74E0007A55D1 /* CountThings.app */ = {isa = PBXFileReference; explicitFileType = wrapper.application; includeInIndex = 0; path = CountThings.app; sourceTree = BUILT_PRODUCTS_DIR; };
		FE00B755234D74E1007A55D1 /* Assets.xcassets */ = {isa = PBXFileReference; lastKnownFileType = folder.assetcatalog; path = Assets.xcassets; sourceTree = "<group>"; };
		FE00B758234D74E1007A55D1 /* Preview Assets.xcassets */ = {isa = PBXFileReference; lastKnownFileType = folder.assetcatalog; path = "Preview Assets.xcassets"; sourceTree = "<group>"; };
		FE00B75B234D74E1007A55D1 /* Base */ = {isa = PBXFileReference; lastKnownFileType = file.storyboard; name = Base; path = Base.lproj/LaunchScreen.storyboard; sourceTree = "<group>"; };
		FE00B75D234D74E1007A55D1 /* Info.plist */ = {isa = PBXFileReference; lastKnownFileType = text.plist.xml; path = Info.plist; sourceTree = "<group>"; };
		FE00B762234D74E1007A55D1 /* CountThingsTests.xctest */ = {isa = PBXFileReference; explicitFileType = wrapper.cfbundle; includeInIndex = 0; path = CountThingsTests.xctest; sourceTree = BUILT_PRODUCTS_DIR; };
		FE00B766234D74E1007A55D1 /* CountThingsTests.swift */ = {isa = PBXFileReference; lastKnownFileType = sourcecode.swift; path = CountThingsTests.swift; sourceTree = "<group>"; };
		FE00B768234D74E1007A55D1 /* Info.plist */ = {isa = PBXFileReference; lastKnownFileType = text.plist.xml; path = Info.plist; sourceTree = "<group>"; };
		FE00B76D234D74E1007A55D1 /* CountThingsUITests.xctest */ = {isa = PBXFileReference; explicitFileType = wrapper.cfbundle; includeInIndex = 0; path = CountThingsUITests.xctest; sourceTree = BUILT_PRODUCTS_DIR; };
		FE00B771234D74E1007A55D1 /* CountThingsUITests.swift */ = {isa = PBXFileReference; lastKnownFileType = sourcecode.swift; path = CountThingsUITests.swift; sourceTree = "<group>"; };
		FE00B773234D74E1007A55D1 /* Info.plist */ = {isa = PBXFileReference; lastKnownFileType = text.plist.xml; path = Info.plist; sourceTree = "<group>"; };
		FE00B784234D7672007A55D1 /* Extensions.swift */ = {isa = PBXFileReference; lastKnownFileType = sourcecode.swift; path = Extensions.swift; sourceTree = "<group>"; };
		FE00B786234D778C007A55D1 /* Constants.swift */ = {isa = PBXFileReference; lastKnownFileType = sourcecode.swift; path = Constants.swift; sourceTree = "<group>"; };
		FE00B797234D7AAF007A55D1 /* Main.storyboard */ = {isa = PBXFileReference; lastKnownFileType = file.storyboard; path = Main.storyboard; sourceTree = "<group>"; };
		FE00B79F234D7EFF007A55D1 /* AppDelegate.swift */ = {isa = PBXFileReference; fileEncoding = 4; lastKnownFileType = sourcecode.swift; path = AppDelegate.swift; sourceTree = "<group>"; };
		FE00B7A4234D846C007A55D1 /* MainTablePresenter.swift */ = {isa = PBXFileReference; fileEncoding = 4; lastKnownFileType = sourcecode.swift; path = MainTablePresenter.swift; sourceTree = "<group>"; };
		FE00B7A5234D846C007A55D1 /* MainTableViewController.swift */ = {isa = PBXFileReference; fileEncoding = 4; lastKnownFileType = sourcecode.swift; path = MainTableViewController.swift; sourceTree = "<group>"; };
		FE00B7A6234D846C007A55D1 /* MainTableRouter.swift */ = {isa = PBXFileReference; fileEncoding = 4; lastKnownFileType = sourcecode.swift; path = MainTableRouter.swift; sourceTree = "<group>"; };
		FE00B7A7234D846C007A55D1 /* MainTableWorker.swift */ = {isa = PBXFileReference; fileEncoding = 4; lastKnownFileType = sourcecode.swift; path = MainTableWorker.swift; sourceTree = "<group>"; };
		FE00B7A8234D846C007A55D1 /* MainTableModels.swift */ = {isa = PBXFileReference; fileEncoding = 4; lastKnownFileType = sourcecode.swift; path = MainTableModels.swift; sourceTree = "<group>"; };
		FE00B7A9234D846C007A55D1 /* MainTableInteractor.swift */ = {isa = PBXFileReference; fileEncoding = 4; lastKnownFileType = sourcecode.swift; path = MainTableInteractor.swift; sourceTree = "<group>"; };
		FE00B7B1234D8488007A55D1 /* BaseTableViewController.swift */ = {isa = PBXFileReference; fileEncoding = 4; lastKnownFileType = sourcecode.swift; path = BaseTableViewController.swift; sourceTree = "<group>"; };
		FE00B7B3234D84BE007A55D1 /* Product.swift */ = {isa = PBXFileReference; lastKnownFileType = sourcecode.swift; path = Product.swift; sourceTree = "<group>"; };
		FE00B7B5234D86EC007A55D1 /* TableCell.xib */ = {isa = PBXFileReference; fileEncoding = 4; lastKnownFileType = file.xib; path = TableCell.xib; sourceTree = "<group>"; };
		FE00B7B8234D8780007A55D1 /* ResultsTableController.swift */ = {isa = PBXFileReference; fileEncoding = 4; lastKnownFileType = sourcecode.swift; path = ResultsTableController.swift; sourceTree = "<group>"; };
		FE00B7C2234D8B9C007A55D1 /* ProductCell.swift */ = {isa = PBXFileReference; fileEncoding = 4; lastKnownFileType = sourcecode.swift; path = ProductCell.swift; sourceTree = "<group>"; };
		FE00B7D1234D8FF8007A55D1 /* DetailViewController.swift */ = {isa = PBXFileReference; fileEncoding = 4; lastKnownFileType = sourcecode.swift; path = DetailViewController.swift; sourceTree = "<group>"; };
		FE00B7D2234D8FF8007A55D1 /* DetailPresenter.swift */ = {isa = PBXFileReference; fileEncoding = 4; lastKnownFileType = sourcecode.swift; path = DetailPresenter.swift; sourceTree = "<group>"; };
		FE00B7D3234D8FF8007A55D1 /* DetailInteractor.swift */ = {isa = PBXFileReference; fileEncoding = 4; lastKnownFileType = sourcecode.swift; path = DetailInteractor.swift; sourceTree = "<group>"; };
		FE00B7D4234D8FF8007A55D1 /* DetailWorker.swift */ = {isa = PBXFileReference; fileEncoding = 4; lastKnownFileType = sourcecode.swift; path = DetailWorker.swift; sourceTree = "<group>"; };
		FE00B7D5234D8FF8007A55D1 /* DetailRouter.swift */ = {isa = PBXFileReference; fileEncoding = 4; lastKnownFileType = sourcecode.swift; path = DetailRouter.swift; sourceTree = "<group>"; };
		FE00B7D6234D8FF8007A55D1 /* DetailModels.swift */ = {isa = PBXFileReference; fileEncoding = 4; lastKnownFileType = sourcecode.swift; path = DetailModels.swift; sourceTree = "<group>"; };
		FE00B7DE234D91A0007A55D1 /* Detail.storyboard */ = {isa = PBXFileReference; lastKnownFileType = file.storyboard; path = Detail.storyboard; sourceTree = "<group>"; };
		FEDA7AF3234ED502003B3B7C /* Utils.swift */ = {isa = PBXFileReference; fileEncoding = 4; lastKnownFileType = sourcecode.swift; path = Utils.swift; sourceTree = "<group>"; };
		FEDA7AF8234EDDC8003B3B7C /* APIRouter.swift */ = {isa = PBXFileReference; fileEncoding = 4; lastKnownFileType = sourcecode.swift; path = APIRouter.swift; sourceTree = "<group>"; };
		FEDA7AFA234EDE89003B3B7C /* CountersWorker.swift */ = {isa = PBXFileReference; lastKnownFileType = sourcecode.swift; path = CountersWorker.swift; sourceTree = "<group>"; };
		FEDA7AFC234EDED5003B3B7C /* ConnectivityWorker.swift */ = {isa = PBXFileReference; lastKnownFileType = sourcecode.swift; path = ConnectivityWorker.swift; sourceTree = "<group>"; };
/* End PBXFileReference section */

/* Begin PBXFrameworksBuildPhase section */
		FE00B749234D74E0007A55D1 /* Frameworks */ = {
			isa = PBXFrameworksBuildPhase;
			buildActionMask = 2147483647;
			files = (
				27664B7564A7E22DE332B24B /* Pods_CountThings.framework in Frameworks */,
			);
			runOnlyForDeploymentPostprocessing = 0;
		};
		FE00B75F234D74E1007A55D1 /* Frameworks */ = {
			isa = PBXFrameworksBuildPhase;
			buildActionMask = 2147483647;
			files = (
				689B82B0EE8BC445048DCE9B /* Pods_CountThingsTests.framework in Frameworks */,
			);
			runOnlyForDeploymentPostprocessing = 0;
		};
		FE00B76A234D74E1007A55D1 /* Frameworks */ = {
			isa = PBXFrameworksBuildPhase;
			buildActionMask = 2147483647;
			files = (
				EF5CE0C985D10DFFB1EA8979 /* Pods_CountThingsUITests.framework in Frameworks */,
			);
			runOnlyForDeploymentPostprocessing = 0;
		};
/* End PBXFrameworksBuildPhase section */

/* Begin PBXGroup section */
		A382FCA5F76991EC4CA71E3D /* Pods */ = {
			isa = PBXGroup;
			children = (
				CF921C09FEF812AEE5833E72 /* Pods-CountThings.debug.xcconfig */,
				00CF4C6A56C2945EE4F79DE3 /* Pods-CountThings.release.xcconfig */,
				0B50056DE3457EC1FFF37EDF /* Pods-CountThingsTests.debug.xcconfig */,
				4AFF25B6F32D2E948B217D94 /* Pods-CountThingsTests.release.xcconfig */,
				8E91AA7299F9F694AA0F9B6B /* Pods-CountThingsUITests.debug.xcconfig */,
				AA138EC2483029352F4BC1B2 /* Pods-CountThingsUITests.release.xcconfig */,
			);
			path = Pods;
			sourceTree = "<group>";
		};
		B98B4B21C4B92CE4F55806E5 /* Frameworks */ = {
			isa = PBXGroup;
			children = (
				C902BCB04674C56E45CC73F9 /* Pods_CountThings.framework */,
				CD04F438DA4ABB00B6A748F4 /* Pods_CountThingsTests.framework */,
				BE99A70ADD84204FCE0A0BED /* Pods_CountThingsUITests.framework */,
			);
			name = Frameworks;
			sourceTree = "<group>";
		};
		FE00B743234D74E0007A55D1 = {
			isa = PBXGroup;
			children = (
				FE00B74E234D74E0007A55D1 /* CountThings */,
				FE00B765234D74E1007A55D1 /* CountThingsTests */,
				FE00B770234D74E1007A55D1 /* CountThingsUITests */,
				FE00B74D234D74E0007A55D1 /* Products */,
				A382FCA5F76991EC4CA71E3D /* Pods */,
				B98B4B21C4B92CE4F55806E5 /* Frameworks */,
			);
			sourceTree = "<group>";
		};
		FE00B74D234D74E0007A55D1 /* Products */ = {
			isa = PBXGroup;
			children = (
				FE00B74C234D74E0007A55D1 /* CountThings.app */,
				FE00B762234D74E1007A55D1 /* CountThingsTests.xctest */,
				FE00B76D234D74E1007A55D1 /* CountThingsUITests.xctest */,
			);
			name = Products;
			sourceTree = "<group>";
		};
		FE00B74E234D74E0007A55D1 /* CountThings */ = {
			isa = PBXGroup;
			children = (
				FE00B79F234D7EFF007A55D1 /* AppDelegate.swift */,
				FEDA7AF7234EDDC8003B3B7C /* Api */,
				FE00B789234D78BB007A55D1 /* Storyboards */,
				FE00B788234D78B2007A55D1 /* Workers */,
				FEDA7AF2234ED502003B3B7C /* Utils */,
				FE00B783234D765B007A55D1 /* Extensions */,
				FE00B782234D764D007A55D1 /* Resources */,
				FE00B781234D7642007A55D1 /* Constants */,
				FE00B780234D7639007A55D1 /* Models */,
				FE00B77F234D7616007A55D1 /* Scenes */,
				FE00B75D234D74E1007A55D1 /* Info.plist */,
				FE00B757234D74E1007A55D1 /* Preview Content */,
			);
			path = CountThings;
			sourceTree = "<group>";
		};
		FE00B757234D74E1007A55D1 /* Preview Content */ = {
			isa = PBXGroup;
			children = (
				FE00B758234D74E1007A55D1 /* Preview Assets.xcassets */,
			);
			path = "Preview Content";
			sourceTree = "<group>";
		};
		FE00B765234D74E1007A55D1 /* CountThingsTests */ = {
			isa = PBXGroup;
			children = (
				FE00B766234D74E1007A55D1 /* CountThingsTests.swift */,
				FE00B768234D74E1007A55D1 /* Info.plist */,
			);
			path = CountThingsTests;
			sourceTree = "<group>";
		};
		FE00B770234D74E1007A55D1 /* CountThingsUITests */ = {
			isa = PBXGroup;
			children = (
				FE00B771234D74E1007A55D1 /* CountThingsUITests.swift */,
				FE00B773234D74E1007A55D1 /* Info.plist */,
			);
			path = CountThingsUITests;
			sourceTree = "<group>";
		};
		FE00B77F234D7616007A55D1 /* Scenes */ = {
			isa = PBXGroup;
			children = (
				FE00B7D0234D8FF8007A55D1 /* Detail */,
				FE00B7A3234D846C007A55D1 /* Main */,
			);
			path = Scenes;
			sourceTree = "<group>";
		};
		FE00B780234D7639007A55D1 /* Models */ = {
			isa = PBXGroup;
			children = (
				FE00B7B3234D84BE007A55D1 /* Product.swift */,
			);
			path = Models;
			sourceTree = "<group>";
		};
		FE00B781234D7642007A55D1 /* Constants */ = {
			isa = PBXGroup;
			children = (
				FE00B786234D778C007A55D1 /* Constants.swift */,
			);
			path = Constants;
			sourceTree = "<group>";
		};
		FE00B782234D764D007A55D1 /* Resources */ = {
			isa = PBXGroup;
			children = (
				FE00B755234D74E1007A55D1 /* Assets.xcassets */,
			);
			path = Resources;
			sourceTree = "<group>";
		};
		FE00B783234D765B007A55D1 /* Extensions */ = {
			isa = PBXGroup;
			children = (
				FE00B784234D7672007A55D1 /* Extensions.swift */,
			);
			path = Extensions;
			sourceTree = "<group>";
		};
		FE00B788234D78B2007A55D1 /* Workers */ = {
			isa = PBXGroup;
			children = (
				FEDA7AFA234EDE89003B3B7C /* CountersWorker.swift */,
				FEDA7AFC234EDED5003B3B7C /* ConnectivityWorker.swift */,
			);
			path = Workers;
			sourceTree = "<group>";
		};
		FE00B789234D78BB007A55D1 /* Storyboards */ = {
			isa = PBXGroup;
			children = (
				FE00B7DD234D918D007A55D1 /* Detail */,
				FE00B796234D7AA4007A55D1 /* Main */,
				FE00B7B7234D8709007A55D1 /* Cell */,
				FE00B75A234D74E1007A55D1 /* LaunchScreen.storyboard */,
			);
			path = Storyboards;
			sourceTree = "<group>";
		};
		FE00B796234D7AA4007A55D1 /* Main */ = {
			isa = PBXGroup;
			children = (
				FE00B797234D7AAF007A55D1 /* Main.storyboard */,
			);
			path = Main;
			sourceTree = "<group>";
		};
		FE00B7A3234D846C007A55D1 /* Main */ = {
			isa = PBXGroup;
			children = (
				FE00B7BA234D8783007A55D1 /* Resullt */,
				FE00B7B0234D8479007A55D1 /* Base */,
				FE00B7C1234D8B9C007A55D1 /* Cell */,
				FE00B7A4234D846C007A55D1 /* MainTablePresenter.swift */,
				FE00B7A5234D846C007A55D1 /* MainTableViewController.swift */,
				FE00B7A6234D846C007A55D1 /* MainTableRouter.swift */,
				FE00B7A7234D846C007A55D1 /* MainTableWorker.swift */,
				FE00B7A8234D846C007A55D1 /* MainTableModels.swift */,
				FE00B7A9234D846C007A55D1 /* MainTableInteractor.swift */,
			);
			path = Main;
			sourceTree = "<group>";
		};
		FE00B7B0234D8479007A55D1 /* Base */ = {
			isa = PBXGroup;
			children = (
				FE00B7B1234D8488007A55D1 /* BaseTableViewController.swift */,
			);
			path = Base;
			sourceTree = "<group>";
		};
		FE00B7B7234D8709007A55D1 /* Cell */ = {
			isa = PBXGroup;
			children = (
				FE00B7B5234D86EC007A55D1 /* TableCell.xib */,
			);
			path = Cell;
			sourceTree = "<group>";
		};
		FE00B7BA234D8783007A55D1 /* Resullt */ = {
			isa = PBXGroup;
			children = (
				FE00B7B8234D8780007A55D1 /* ResultsTableController.swift */,
			);
			path = Resullt;
			sourceTree = "<group>";
		};
		FE00B7C1234D8B9C007A55D1 /* Cell */ = {
			isa = PBXGroup;
			children = (
				FE00B7C2234D8B9C007A55D1 /* ProductCell.swift */,
			);
			path = Cell;
			sourceTree = "<group>";
		};
		FE00B7D0234D8FF8007A55D1 /* Detail */ = {
			isa = PBXGroup;
			children = (
				FE00B7D1234D8FF8007A55D1 /* DetailViewController.swift */,
				FE00B7D2234D8FF8007A55D1 /* DetailPresenter.swift */,
				FE00B7D3234D8FF8007A55D1 /* DetailInteractor.swift */,
				FE00B7D4234D8FF8007A55D1 /* DetailWorker.swift */,
				FE00B7D5234D8FF8007A55D1 /* DetailRouter.swift */,
				FE00B7D6234D8FF8007A55D1 /* DetailModels.swift */,
			);
			path = Detail;
			sourceTree = "<group>";
		};
		FE00B7DD234D918D007A55D1 /* Detail */ = {
			isa = PBXGroup;
			children = (
				FE00B7DE234D91A0007A55D1 /* Detail.storyboard */,
			);
			path = Detail;
			sourceTree = "<group>";
		};
		FEDA7AF2234ED502003B3B7C /* Utils */ = {
			isa = PBXGroup;
			children = (
				FEDA7AF3234ED502003B3B7C /* Utils.swift */,
			);
			path = Utils;
			sourceTree = "<group>";
		};
		FEDA7AF7234EDDC8003B3B7C /* Api */ = {
			isa = PBXGroup;
			children = (
				FEDA7AF8234EDDC8003B3B7C /* APIRouter.swift */,
			);
			path = Api;
			sourceTree = "<group>";
		};
/* End PBXGroup section */

/* Begin PBXNativeTarget section */
		FE00B74B234D74E0007A55D1 /* CountThings */ = {
			isa = PBXNativeTarget;
			buildConfigurationList = FE00B776234D74E1007A55D1 /* Build configuration list for PBXNativeTarget "CountThings" */;
			buildPhases = (
				65229BA70FAA9008C40E7B7C /* [CP] Check Pods Manifest.lock */,
				FE00B748234D74E0007A55D1 /* Sources */,
				FE00B749234D74E0007A55D1 /* Frameworks */,
				FE00B74A234D74E0007A55D1 /* Resources */,
				53B569AFA9478C097947F6C7 /* [CP] Embed Pods Frameworks */,
			);
			buildRules = (
			);
			dependencies = (
			);
			name = CountThings;
			productName = CountThings;
			productReference = FE00B74C234D74E0007A55D1 /* CountThings.app */;
			productType = "com.apple.product-type.application";
		};
		FE00B761234D74E1007A55D1 /* CountThingsTests */ = {
			isa = PBXNativeTarget;
			buildConfigurationList = FE00B779234D74E1007A55D1 /* Build configuration list for PBXNativeTarget "CountThingsTests" */;
			buildPhases = (
				79583B9E250202AF301C6E98 /* [CP] Check Pods Manifest.lock */,
				FE00B75E234D74E1007A55D1 /* Sources */,
				FE00B75F234D74E1007A55D1 /* Frameworks */,
				FE00B760234D74E1007A55D1 /* Resources */,
			);
			buildRules = (
			);
			dependencies = (
				FE00B764234D74E1007A55D1 /* PBXTargetDependency */,
			);
			name = CountThingsTests;
			productName = CountThingsTests;
			productReference = FE00B762234D74E1007A55D1 /* CountThingsTests.xctest */;
			productType = "com.apple.product-type.bundle.unit-test";
		};
		FE00B76C234D74E1007A55D1 /* CountThingsUITests */ = {
			isa = PBXNativeTarget;
			buildConfigurationList = FE00B77C234D74E1007A55D1 /* Build configuration list for PBXNativeTarget "CountThingsUITests" */;
			buildPhases = (
				24AEB1050F857F5E466900A2 /* [CP] Check Pods Manifest.lock */,
				FE00B769234D74E1007A55D1 /* Sources */,
				FE00B76A234D74E1007A55D1 /* Frameworks */,
				FE00B76B234D74E1007A55D1 /* Resources */,
			);
			buildRules = (
			);
			dependencies = (
				FE00B76F234D74E1007A55D1 /* PBXTargetDependency */,
			);
			name = CountThingsUITests;
			productName = CountThingsUITests;
			productReference = FE00B76D234D74E1007A55D1 /* CountThingsUITests.xctest */;
			productType = "com.apple.product-type.bundle.ui-testing";
		};
/* End PBXNativeTarget section */

/* Begin PBXProject section */
		FE00B744234D74E0007A55D1 /* Project object */ = {
			isa = PBXProject;
			attributes = {
				LastSwiftUpdateCheck = 1100;
				LastUpgradeCheck = 1100;
				ORGANIZATIONNAME = Dromero;
				TargetAttributes = {
					FE00B74B234D74E0007A55D1 = {
						CreatedOnToolsVersion = 11.0;
					};
					FE00B761234D74E1007A55D1 = {
						CreatedOnToolsVersion = 11.0;
						TestTargetID = FE00B74B234D74E0007A55D1;
					};
					FE00B76C234D74E1007A55D1 = {
						CreatedOnToolsVersion = 11.0;
						TestTargetID = FE00B74B234D74E0007A55D1;
					};
				};
			};
			buildConfigurationList = FE00B747234D74E0007A55D1 /* Build configuration list for PBXProject "CountThings" */;
			compatibilityVersion = "Xcode 9.3";
			developmentRegion = en;
			hasScannedForEncodings = 0;
			knownRegions = (
				en,
				Base,
			);
			mainGroup = FE00B743234D74E0007A55D1;
			productRefGroup = FE00B74D234D74E0007A55D1 /* Products */;
			projectDirPath = "";
			projectRoot = "";
			targets = (
				FE00B74B234D74E0007A55D1 /* CountThings */,
				FE00B761234D74E1007A55D1 /* CountThingsTests */,
				FE00B76C234D74E1007A55D1 /* CountThingsUITests */,
			);
		};
/* End PBXProject section */

/* Begin PBXResourcesBuildPhase section */
		FE00B74A234D74E0007A55D1 /* Resources */ = {
			isa = PBXResourcesBuildPhase;
			buildActionMask = 2147483647;
			files = (
				FE00B75C234D74E1007A55D1 /* LaunchScreen.storyboard in Resources */,
				FE00B759234D74E1007A55D1 /* Preview Assets.xcassets in Resources */,
				FE00B756234D74E1007A55D1 /* Assets.xcassets in Resources */,
				FE00B798234D7AAF007A55D1 /* Main.storyboard in Resources */,
				FE00B7B6234D86EC007A55D1 /* TableCell.xib in Resources */,
				FE00B7DF234D91A0007A55D1 /* Detail.storyboard in Resources */,
			);
			runOnlyForDeploymentPostprocessing = 0;
		};
		FE00B760234D74E1007A55D1 /* Resources */ = {
			isa = PBXResourcesBuildPhase;
			buildActionMask = 2147483647;
			files = (
			);
			runOnlyForDeploymentPostprocessing = 0;
		};
		FE00B76B234D74E1007A55D1 /* Resources */ = {
			isa = PBXResourcesBuildPhase;
			buildActionMask = 2147483647;
			files = (
			);
			runOnlyForDeploymentPostprocessing = 0;
		};
/* End PBXResourcesBuildPhase section */

/* Begin PBXShellScriptBuildPhase section */
		24AEB1050F857F5E466900A2 /* [CP] Check Pods Manifest.lock */ = {
			isa = PBXShellScriptBuildPhase;
			buildActionMask = 2147483647;
			files = (
			);
			inputFileListPaths = (
			);
			inputPaths = (
				"${PODS_PODFILE_DIR_PATH}/Podfile.lock",
				"${PODS_ROOT}/Manifest.lock",
			);
			name = "[CP] Check Pods Manifest.lock";
			outputFileListPaths = (
			);
			outputPaths = (
				"$(DERIVED_FILE_DIR)/Pods-CountThingsUITests-checkManifestLockResult.txt",
			);
			runOnlyForDeploymentPostprocessing = 0;
			shellPath = /bin/sh;
			shellScript = "diff \"${PODS_PODFILE_DIR_PATH}/Podfile.lock\" \"${PODS_ROOT}/Manifest.lock\" > /dev/null\nif [ $? != 0 ] ; then\n    # print error to STDERR\n    echo \"error: The sandbox is not in sync with the Podfile.lock. Run 'pod install' or update your CocoaPods installation.\" >&2\n    exit 1\nfi\n# This output is used by Xcode 'outputs' to avoid re-running this script phase.\necho \"SUCCESS\" > \"${SCRIPT_OUTPUT_FILE_0}\"\n";
			showEnvVarsInLog = 0;
		};
		53B569AFA9478C097947F6C7 /* [CP] Embed Pods Frameworks */ = {
			isa = PBXShellScriptBuildPhase;
			buildActionMask = 2147483647;
			files = (
			);
			inputFileListPaths = (
				"${PODS_ROOT}/Target Support Files/Pods-CountThings/Pods-CountThings-frameworks-${CONFIGURATION}-input-files.xcfilelist",
			);
			name = "[CP] Embed Pods Frameworks";
			outputFileListPaths = (
				"${PODS_ROOT}/Target Support Files/Pods-CountThings/Pods-CountThings-frameworks-${CONFIGURATION}-output-files.xcfilelist",
			);
			runOnlyForDeploymentPostprocessing = 0;
			shellPath = /bin/sh;
			shellScript = "\"${PODS_ROOT}/Target Support Files/Pods-CountThings/Pods-CountThings-frameworks.sh\"\n";
			showEnvVarsInLog = 0;
		};
		65229BA70FAA9008C40E7B7C /* [CP] Check Pods Manifest.lock */ = {
			isa = PBXShellScriptBuildPhase;
			buildActionMask = 2147483647;
			files = (
			);
			inputFileListPaths = (
			);
			inputPaths = (
				"${PODS_PODFILE_DIR_PATH}/Podfile.lock",
				"${PODS_ROOT}/Manifest.lock",
			);
			name = "[CP] Check Pods Manifest.lock";
			outputFileListPaths = (
			);
			outputPaths = (
				"$(DERIVED_FILE_DIR)/Pods-CountThings-checkManifestLockResult.txt",
			);
			runOnlyForDeploymentPostprocessing = 0;
			shellPath = /bin/sh;
			shellScript = "diff \"${PODS_PODFILE_DIR_PATH}/Podfile.lock\" \"${PODS_ROOT}/Manifest.lock\" > /dev/null\nif [ $? != 0 ] ; then\n    # print error to STDERR\n    echo \"error: The sandbox is not in sync with the Podfile.lock. Run 'pod install' or update your CocoaPods installation.\" >&2\n    exit 1\nfi\n# This output is used by Xcode 'outputs' to avoid re-running this script phase.\necho \"SUCCESS\" > \"${SCRIPT_OUTPUT_FILE_0}\"\n";
			showEnvVarsInLog = 0;
		};
		79583B9E250202AF301C6E98 /* [CP] Check Pods Manifest.lock */ = {
			isa = PBXShellScriptBuildPhase;
			buildActionMask = 2147483647;
			files = (
			);
			inputFileListPaths = (
			);
			inputPaths = (
				"${PODS_PODFILE_DIR_PATH}/Podfile.lock",
				"${PODS_ROOT}/Manifest.lock",
			);
			name = "[CP] Check Pods Manifest.lock";
			outputFileListPaths = (
			);
			outputPaths = (
				"$(DERIVED_FILE_DIR)/Pods-CountThingsTests-checkManifestLockResult.txt",
			);
			runOnlyForDeploymentPostprocessing = 0;
			shellPath = /bin/sh;
			shellScript = "diff \"${PODS_PODFILE_DIR_PATH}/Podfile.lock\" \"${PODS_ROOT}/Manifest.lock\" > /dev/null\nif [ $? != 0 ] ; then\n    # print error to STDERR\n    echo \"error: The sandbox is not in sync with the Podfile.lock. Run 'pod install' or update your CocoaPods installation.\" >&2\n    exit 1\nfi\n# This output is used by Xcode 'outputs' to avoid re-running this script phase.\necho \"SUCCESS\" > \"${SCRIPT_OUTPUT_FILE_0}\"\n";
			showEnvVarsInLog = 0;
		};
/* End PBXShellScriptBuildPhase section */

/* Begin PBXSourcesBuildPhase section */
		FE00B748234D74E0007A55D1 /* Sources */ = {
			isa = PBXSourcesBuildPhase;
			buildActionMask = 2147483647;
			files = (
				FE00B7AA234D846C007A55D1 /* MainTablePresenter.swift in Sources */,
				FE00B7AE234D846C007A55D1 /* MainTableModels.swift in Sources */,
				FEDA7AFD234EDED5003B3B7C /* ConnectivityWorker.swift in Sources */,
				FE00B7B2234D8488007A55D1 /* BaseTableViewController.swift in Sources */,
				FE00B787234D778C007A55D1 /* Constants.swift in Sources */,
				FE00B7C3234D8B9C007A55D1 /* ProductCell.swift in Sources */,
				FE00B7A0234D7EFF007A55D1 /* AppDelegate.swift in Sources */,
				FE00B7B4234D84BE007A55D1 /* Product.swift in Sources */,
				FEDA7AF9234EDDC8003B3B7C /* APIRouter.swift in Sources */,
				FEDA7AFB234EDE89003B3B7C /* CountersWorker.swift in Sources */,
				FE00B7AB234D846C007A55D1 /* MainTableViewController.swift in Sources */,
				FE00B7D8234D8FF8007A55D1 /* DetailPresenter.swift in Sources */,
				FE00B7AC234D846C007A55D1 /* MainTableRouter.swift in Sources */,
				FE00B7AF234D846C007A55D1 /* MainTableInteractor.swift in Sources */,
				FE00B7DC234D8FF8007A55D1 /* DetailModels.swift in Sources */,
				FE00B7B9234D8780007A55D1 /* ResultsTableController.swift in Sources */,
				FE00B785234D7672007A55D1 /* Extensions.swift in Sources */,
				FE00B7AD234D846C007A55D1 /* MainTableWorker.swift in Sources */,
				FEDA7AF4234ED503003B3B7C /* Utils.swift in Sources */,
				FE00B7D7234D8FF8007A55D1 /* DetailViewController.swift in Sources */,
				FE00B7DB234D8FF8007A55D1 /* DetailRouter.swift in Sources */,
				FE00B7D9234D8FF8007A55D1 /* DetailInteractor.swift in Sources */,
				FE00B7DA234D8FF8007A55D1 /* DetailWorker.swift in Sources */,
			);
			runOnlyForDeploymentPostprocessing = 0;
		};
		FE00B75E234D74E1007A55D1 /* Sources */ = {
			isa = PBXSourcesBuildPhase;
			buildActionMask = 2147483647;
			files = (
				FE00B767234D74E1007A55D1 /* CountThingsTests.swift in Sources */,
			);
			runOnlyForDeploymentPostprocessing = 0;
		};
		FE00B769234D74E1007A55D1 /* Sources */ = {
			isa = PBXSourcesBuildPhase;
			buildActionMask = 2147483647;
			files = (
				FE00B772234D74E1007A55D1 /* CountThingsUITests.swift in Sources */,
			);
			runOnlyForDeploymentPostprocessing = 0;
		};
/* End PBXSourcesBuildPhase section */

/* Begin PBXTargetDependency section */
		FE00B764234D74E1007A55D1 /* PBXTargetDependency */ = {
			isa = PBXTargetDependency;
			target = FE00B74B234D74E0007A55D1 /* CountThings */;
			targetProxy = FE00B763234D74E1007A55D1 /* PBXContainerItemProxy */;
		};
		FE00B76F234D74E1007A55D1 /* PBXTargetDependency */ = {
			isa = PBXTargetDependency;
			target = FE00B74B234D74E0007A55D1 /* CountThings */;
			targetProxy = FE00B76E234D74E1007A55D1 /* PBXContainerItemProxy */;
		};
/* End PBXTargetDependency section */

/* Begin PBXVariantGroup section */
		FE00B75A234D74E1007A55D1 /* LaunchScreen.storyboard */ = {
			isa = PBXVariantGroup;
			children = (
				FE00B75B234D74E1007A55D1 /* Base */,
			);
			name = LaunchScreen.storyboard;
			sourceTree = "<group>";
		};
/* End PBXVariantGroup section */

/* Begin XCBuildConfiguration section */
		FE00B774234D74E1007A55D1 /* Debug */ = {
			isa = XCBuildConfiguration;
			buildSettings = {
				ALWAYS_SEARCH_USER_PATHS = NO;
				CLANG_ANALYZER_NONNULL = YES;
				CLANG_ANALYZER_NUMBER_OBJECT_CONVERSION = YES_AGGRESSIVE;
				CLANG_CXX_LANGUAGE_STANDARD = "gnu++14";
				CLANG_CXX_LIBRARY = "libc++";
				CLANG_ENABLE_MODULES = YES;
				CLANG_ENABLE_OBJC_ARC = YES;
				CLANG_ENABLE_OBJC_WEAK = YES;
				CLANG_WARN_BLOCK_CAPTURE_AUTORELEASING = YES;
				CLANG_WARN_BOOL_CONVERSION = YES;
				CLANG_WARN_COMMA = YES;
				CLANG_WARN_CONSTANT_CONVERSION = YES;
				CLANG_WARN_DEPRECATED_OBJC_IMPLEMENTATIONS = YES;
				CLANG_WARN_DIRECT_OBJC_ISA_USAGE = YES_ERROR;
				CLANG_WARN_DOCUMENTATION_COMMENTS = YES;
				CLANG_WARN_EMPTY_BODY = YES;
				CLANG_WARN_ENUM_CONVERSION = YES;
				CLANG_WARN_INFINITE_RECURSION = YES;
				CLANG_WARN_INT_CONVERSION = YES;
				CLANG_WARN_NON_LITERAL_NULL_CONVERSION = YES;
				CLANG_WARN_OBJC_IMPLICIT_RETAIN_SELF = YES;
				CLANG_WARN_OBJC_LITERAL_CONVERSION = YES;
				CLANG_WARN_OBJC_ROOT_CLASS = YES_ERROR;
				CLANG_WARN_RANGE_LOOP_ANALYSIS = YES;
				CLANG_WARN_STRICT_PROTOTYPES = YES;
				CLANG_WARN_SUSPICIOUS_MOVE = YES;
				CLANG_WARN_UNGUARDED_AVAILABILITY = YES_AGGRESSIVE;
				CLANG_WARN_UNREACHABLE_CODE = YES;
				CLANG_WARN__DUPLICATE_METHOD_MATCH = YES;
				COPY_PHASE_STRIP = NO;
				DEBUG_INFORMATION_FORMAT = dwarf;
				ENABLE_STRICT_OBJC_MSGSEND = YES;
				ENABLE_TESTABILITY = YES;
				GCC_C_LANGUAGE_STANDARD = gnu11;
				GCC_DYNAMIC_NO_PIC = NO;
				GCC_NO_COMMON_BLOCKS = YES;
				GCC_OPTIMIZATION_LEVEL = 0;
				GCC_PREPROCESSOR_DEFINITIONS = (
					"DEBUG=1",
					"$(inherited)",
				);
				GCC_WARN_64_TO_32_BIT_CONVERSION = YES;
				GCC_WARN_ABOUT_RETURN_TYPE = YES_ERROR;
				GCC_WARN_UNDECLARED_SELECTOR = YES;
				GCC_WARN_UNINITIALIZED_AUTOS = YES_AGGRESSIVE;
				GCC_WARN_UNUSED_FUNCTION = YES;
				GCC_WARN_UNUSED_VARIABLE = YES;
				IPHONEOS_DEPLOYMENT_TARGET = 13.0;
				MTL_ENABLE_DEBUG_INFO = INCLUDE_SOURCE;
				MTL_FAST_MATH = YES;
				ONLY_ACTIVE_ARCH = YES;
				SDKROOT = iphoneos;
				SWIFT_ACTIVE_COMPILATION_CONDITIONS = DEBUG;
				SWIFT_OPTIMIZATION_LEVEL = "-Onone";
			};
			name = Debug;
		};
		FE00B775234D74E1007A55D1 /* Release */ = {
			isa = XCBuildConfiguration;
			buildSettings = {
				ALWAYS_SEARCH_USER_PATHS = NO;
				CLANG_ANALYZER_NONNULL = YES;
				CLANG_ANALYZER_NUMBER_OBJECT_CONVERSION = YES_AGGRESSIVE;
				CLANG_CXX_LANGUAGE_STANDARD = "gnu++14";
				CLANG_CXX_LIBRARY = "libc++";
				CLANG_ENABLE_MODULES = YES;
				CLANG_ENABLE_OBJC_ARC = YES;
				CLANG_ENABLE_OBJC_WEAK = YES;
				CLANG_WARN_BLOCK_CAPTURE_AUTORELEASING = YES;
				CLANG_WARN_BOOL_CONVERSION = YES;
				CLANG_WARN_COMMA = YES;
				CLANG_WARN_CONSTANT_CONVERSION = YES;
				CLANG_WARN_DEPRECATED_OBJC_IMPLEMENTATIONS = YES;
				CLANG_WARN_DIRECT_OBJC_ISA_USAGE = YES_ERROR;
				CLANG_WARN_DOCUMENTATION_COMMENTS = YES;
				CLANG_WARN_EMPTY_BODY = YES;
				CLANG_WARN_ENUM_CONVERSION = YES;
				CLANG_WARN_INFINITE_RECURSION = YES;
				CLANG_WARN_INT_CONVERSION = YES;
				CLANG_WARN_NON_LITERAL_NULL_CONVERSION = YES;
				CLANG_WARN_OBJC_IMPLICIT_RETAIN_SELF = YES;
				CLANG_WARN_OBJC_LITERAL_CONVERSION = YES;
				CLANG_WARN_OBJC_ROOT_CLASS = YES_ERROR;
				CLANG_WARN_RANGE_LOOP_ANALYSIS = YES;
				CLANG_WARN_STRICT_PROTOTYPES = YES;
				CLANG_WARN_SUSPICIOUS_MOVE = YES;
				CLANG_WARN_UNGUARDED_AVAILABILITY = YES_AGGRESSIVE;
				CLANG_WARN_UNREACHABLE_CODE = YES;
				CLANG_WARN__DUPLICATE_METHOD_MATCH = YES;
				COPY_PHASE_STRIP = NO;
				DEBUG_INFORMATION_FORMAT = "dwarf-with-dsym";
				ENABLE_NS_ASSERTIONS = NO;
				ENABLE_STRICT_OBJC_MSGSEND = YES;
				GCC_C_LANGUAGE_STANDARD = gnu11;
				GCC_NO_COMMON_BLOCKS = YES;
				GCC_WARN_64_TO_32_BIT_CONVERSION = YES;
				GCC_WARN_ABOUT_RETURN_TYPE = YES_ERROR;
				GCC_WARN_UNDECLARED_SELECTOR = YES;
				GCC_WARN_UNINITIALIZED_AUTOS = YES_AGGRESSIVE;
				GCC_WARN_UNUSED_FUNCTION = YES;
				GCC_WARN_UNUSED_VARIABLE = YES;
				IPHONEOS_DEPLOYMENT_TARGET = 13.0;
				MTL_ENABLE_DEBUG_INFO = NO;
				MTL_FAST_MATH = YES;
				SDKROOT = iphoneos;
				SWIFT_COMPILATION_MODE = wholemodule;
				SWIFT_OPTIMIZATION_LEVEL = "-O";
				VALIDATE_PRODUCT = YES;
			};
			name = Release;
		};
		FE00B777234D74E1007A55D1 /* Debug */ = {
			isa = XCBuildConfiguration;
			baseConfigurationReference = CF921C09FEF812AEE5833E72 /* Pods-CountThings.debug.xcconfig */;
			buildSettings = {
				ASSETCATALOG_COMPILER_APPICON_NAME = AppIcon;
				CODE_SIGN_STYLE = Automatic;
				DEVELOPMENT_ASSET_PATHS = "\"CountThings/Preview Content\"";
				DEVELOPMENT_TEAM = VP6733N44J;
				ENABLE_PREVIEWS = YES;
				INFOPLIST_FILE = CountThings/Info.plist;
				LD_RUNPATH_SEARCH_PATHS = (
					"$(inherited)",
					"@executable_path/Frameworks",
				);
				PRODUCT_BUNDLE_IDENTIFIER = Dromero.CountThings;
				PRODUCT_NAME = "$(TARGET_NAME)";
				SWIFT_VERSION = 5.0;
				TARGETED_DEVICE_FAMILY = "1,2";
			};
			name = Debug;
		};
		FE00B778234D74E1007A55D1 /* Release */ = {
			isa = XCBuildConfiguration;
			baseConfigurationReference = 00CF4C6A56C2945EE4F79DE3 /* Pods-CountThings.release.xcconfig */;
			buildSettings = {
				ASSETCATALOG_COMPILER_APPICON_NAME = AppIcon;
				CODE_SIGN_STYLE = Automatic;
				DEVELOPMENT_ASSET_PATHS = "\"CountThings/Preview Content\"";
				DEVELOPMENT_TEAM = VP6733N44J;
				ENABLE_PREVIEWS = YES;
				INFOPLIST_FILE = CountThings/Info.plist;
				LD_RUNPATH_SEARCH_PATHS = (
					"$(inherited)",
					"@executable_path/Frameworks",
				);
				PRODUCT_BUNDLE_IDENTIFIER = Dromero.CountThings;
				PRODUCT_NAME = "$(TARGET_NAME)";
				SWIFT_VERSION = 5.0;
				TARGETED_DEVICE_FAMILY = "1,2";
			};
			name = Release;
		};
		FE00B77A234D74E1007A55D1 /* Debug */ = {
			isa = XCBuildConfiguration;
			baseConfigurationReference = 0B50056DE3457EC1FFF37EDF /* Pods-CountThingsTests.debug.xcconfig */;
			buildSettings = {
				ALWAYS_EMBED_SWIFT_STANDARD_LIBRARIES = YES;
				BUNDLE_LOADER = "$(TEST_HOST)";
				CODE_SIGN_STYLE = Automatic;
				DEVELOPMENT_TEAM = VP6733N44J;
				INFOPLIST_FILE = CountThingsTests/Info.plist;
				IPHONEOS_DEPLOYMENT_TARGET = 13.0;
				LD_RUNPATH_SEARCH_PATHS = (
					"$(inherited)",
					"@executable_path/Frameworks",
					"@loader_path/Frameworks",
				);
				PRODUCT_BUNDLE_IDENTIFIER = Dromero.CountThingsTests;
				PRODUCT_NAME = "$(TARGET_NAME)";
				SWIFT_VERSION = 5.0;
				TARGETED_DEVICE_FAMILY = "1,2";
				TEST_HOST = "$(BUILT_PRODUCTS_DIR)/CountThings.app/CountThings";
			};
			name = Debug;
		};
		FE00B77B234D74E1007A55D1 /* Release */ = {
			isa = XCBuildConfiguration;
			baseConfigurationReference = 4AFF25B6F32D2E948B217D94 /* Pods-CountThingsTests.release.xcconfig */;
			buildSettings = {
				ALWAYS_EMBED_SWIFT_STANDARD_LIBRARIES = YES;
				BUNDLE_LOADER = "$(TEST_HOST)";
				CODE_SIGN_STYLE = Automatic;
				DEVELOPMENT_TEAM = VP6733N44J;
				INFOPLIST_FILE = CountThingsTests/Info.plist;
				IPHONEOS_DEPLOYMENT_TARGET = 13.0;
				LD_RUNPATH_SEARCH_PATHS = (
					"$(inherited)",
					"@executable_path/Frameworks",
					"@loader_path/Frameworks",
				);
				PRODUCT_BUNDLE_IDENTIFIER = Dromero.CountThingsTests;
				PRODUCT_NAME = "$(TARGET_NAME)";
				SWIFT_VERSION = 5.0;
				TARGETED_DEVICE_FAMILY = "1,2";
				TEST_HOST = "$(BUILT_PRODUCTS_DIR)/CountThings.app/CountThings";
			};
			name = Release;
		};
		FE00B77D234D74E1007A55D1 /* Debug */ = {
			isa = XCBuildConfiguration;
			baseConfigurationReference = 8E91AA7299F9F694AA0F9B6B /* Pods-CountThingsUITests.debug.xcconfig */;
			buildSettings = {
				ALWAYS_EMBED_SWIFT_STANDARD_LIBRARIES = YES;
				CODE_SIGN_STYLE = Automatic;
				DEVELOPMENT_TEAM = VP6733N44J;
				INFOPLIST_FILE = CountThingsUITests/Info.plist;
				LD_RUNPATH_SEARCH_PATHS = (
					"$(inherited)",
					"@executable_path/Frameworks",
					"@loader_path/Frameworks",
				);
				PRODUCT_BUNDLE_IDENTIFIER = Dromero.CountThingsUITests;
				PRODUCT_NAME = "$(TARGET_NAME)";
				SWIFT_VERSION = 5.0;
				TARGETED_DEVICE_FAMILY = "1,2";
				TEST_TARGET_NAME = CountThings;
			};
			name = Debug;
		};
		FE00B77E234D74E1007A55D1 /* Release */ = {
			isa = XCBuildConfiguration;
			baseConfigurationReference = AA138EC2483029352F4BC1B2 /* Pods-CountThingsUITests.release.xcconfig */;
			buildSettings = {
				ALWAYS_EMBED_SWIFT_STANDARD_LIBRARIES = YES;
				CODE_SIGN_STYLE = Automatic;
				DEVELOPMENT_TEAM = VP6733N44J;
				INFOPLIST_FILE = CountThingsUITests/Info.plist;
				LD_RUNPATH_SEARCH_PATHS = (
					"$(inherited)",
					"@executable_path/Frameworks",
					"@loader_path/Frameworks",
				);
				PRODUCT_BUNDLE_IDENTIFIER = Dromero.CountThingsUITests;
				PRODUCT_NAME = "$(TARGET_NAME)";
				SWIFT_VERSION = 5.0;
				TARGETED_DEVICE_FAMILY = "1,2";
				TEST_TARGET_NAME = CountThings;
			};
			name = Release;
		};
/* End XCBuildConfiguration section */

/* Begin XCConfigurationList section */
		FE00B747234D74E0007A55D1 /* Build configuration list for PBXProject "CountThings" */ = {
			isa = XCConfigurationList;
			buildConfigurations = (
				FE00B774234D74E1007A55D1 /* Debug */,
				FE00B775234D74E1007A55D1 /* Release */,
			);
			defaultConfigurationIsVisible = 0;
			defaultConfigurationName = Release;
		};
		FE00B776234D74E1007A55D1 /* Build configuration list for PBXNativeTarget "CountThings" */ = {
			isa = XCConfigurationList;
			buildConfigurations = (
				FE00B777234D74E1007A55D1 /* Debug */,
				FE00B778234D74E1007A55D1 /* Release */,
			);
			defaultConfigurationIsVisible = 0;
			defaultConfigurationName = Release;
		};
		FE00B779234D74E1007A55D1 /* Build configuration list for PBXNativeTarget "CountThingsTests" */ = {
			isa = XCConfigurationList;
			buildConfigurations = (
				FE00B77A234D74E1007A55D1 /* Debug */,
				FE00B77B234D74E1007A55D1 /* Release */,
			);
			defaultConfigurationIsVisible = 0;
			defaultConfigurationName = Release;
		};
		FE00B77C234D74E1007A55D1 /* Build configuration list for PBXNativeTarget "CountThingsUITests" */ = {
			isa = XCConfigurationList;
			buildConfigurations = (
				FE00B77D234D74E1007A55D1 /* Debug */,
				FE00B77E234D74E1007A55D1 /* Release */,
			);
			defaultConfigurationIsVisible = 0;
			defaultConfigurationName = Release;
		};
/* End XCConfigurationList section */
	};
	rootObject = FE00B744234D74E0007A55D1 /* Project object */;
}
